
Microsoft Visual Studio Solution File, Format Version 12.00
# Visual Studio Version 17
VisualStudioVersion = 17.2.32519.379
MinimumVisualStudioVersion = 10.0.40219.1
Project("{FAE04EC0-301F-11D3-BF4B-00C04F79EFBC}") = "DocLogix", "DocLogix\DocLogix.csproj", "{0D340316-204F-4C93-B9D4-2102AB0D6F60}"
EndProject
Global
	GlobalSection(SolutionConfigurationPlatforms) = preSolution
		Debug|Any CPU = Debug|Any CPU
		Release|Any CPU = Release|Any CPU
	EndGlobalSection
	GlobalSection(ProjectConfigurationPlatforms) = postSolution
		{0D340316-204F-4C93-B9D4-2102AB0D6F60}.Debug|Any CPU.ActiveCfg = Debug|Any CPU
		{0D340316-204F-4C93-B9D4-2102AB0D6F60}.Debug|Any CPU.Build.0 = Debug|Any CPU
		{0D340316-204F-4C93-B9D4-2102AB0D6F60}.Release|Any CPU.ActiveCfg = Release|Any CPU
		{0D340316-204F-4C93-B9D4-2102AB0D6F60}.Release|Any CPU.Build.0 = Release|Any CPU
	EndGlobalSection
	GlobalSection(SolutionProperties) = preSolution
		HideSolutionNode = FALSE
	EndGlobalSection
	GlobalSection(ExtensibilityGlobals) = postSolution
		SolutionGuid = {FD439690-B9A9-4EBA-93D7-E0A12D1F92F9}
	EndGlobalSection
EndGlobal
